
Microsoft Visual Studio Solution File, Format Version 12.00
Project("{9A19103F-16F7-4668-BE54-9A1E7A4F7556}") = "kpz mkr", "kpz mkr.csproj", "{6B4A9D53-6B3F-4E0C-8A94-6ACD2CC7E6A1}"
EndProject
Project("{2150E333-8FDC-42A3-9474-1A3956D46DE8}") = "Runners", "Runners", "{E6522D2C-A0D2-0AFB-6208-EAE0F209FD8A}"
EndProject
Project("{FAE04EC0-301F-11D3-BF4B-00C04F79EFBC}") = "CommandRunner", "Runners\CommandRunner\CommandRunner.csproj", "{CE420C97-AACC-42C6-B98A-93EFA47487D4}"
EndProject
Project("{FAE04EC0-301F-11D3-BF4B-00C04F79EFBC}") = "IteratorRunner", "Runners\IteratorRunner\IteratorRunner.csproj", "{7A5AEAFE-03D8-4B66-853E-61C4C8F9C0A2}"
EndProject
Project("{FAE04EC0-301F-11D3-BF4B-00C04F79EFBC}") = "StateRunner", "Runners\StateRunner\StateRunner.csproj", "{26BF4FC9-9F7F-4460-BF98-6098A904793C}"
EndProject
Project("{FAE04EC0-301F-11D3-BF4B-00C04F79EFBC}") = "TemplateMethodRunner", "Runners\TemplateMethodRunner\TemplateMethodRunner.csproj", "{39C9265D-373D-4419-99E0-55D058057302}"
EndProject
Project("{FAE04EC0-301F-11D3-BF4B-00C04F79EFBC}") = "VisitorRunner", "Runners\VisitorRunner\VisitorRunner.csproj", "{33A57D10-0562-455B-83FE-036FCB8435C3}"
EndProject
Global
	GlobalSection(SolutionConfigurationPlatforms) = preSolution
		Debug|Any CPU = Debug|Any CPU
		Debug|x64 = Debug|x64
		Debug|x86 = Debug|x86
		Release|Any CPU = Release|Any CPU
		Release|x64 = Release|x64
		Release|x86 = Release|x86
	EndGlobalSection
	GlobalSection(ProjectConfigurationPlatforms) = postSolution
		{6B4A9D53-6B3F-4E0C-8A94-6ACD2CC7E6A1}.Debug|Any CPU.ActiveCfg = Debug|Any CPU
		{6B4A9D53-6B3F-4E0C-8A94-6ACD2CC7E6A1}.Debug|Any CPU.Build.0 = Debug|Any CPU
		{6B4A9D53-6B3F-4E0C-8A94-6ACD2CC7E6A1}.Debug|x64.ActiveCfg = Debug|Any CPU
		{6B4A9D53-6B3F-4E0C-8A94-6ACD2CC7E6A1}.Debug|x64.Build.0 = Debug|Any CPU
		{6B4A9D53-6B3F-4E0C-8A94-6ACD2CC7E6A1}.Debug|x86.ActiveCfg = Debug|Any CPU
		{6B4A9D53-6B3F-4E0C-8A94-6ACD2CC7E6A1}.Debug|x86.Build.0 = Debug|Any CPU
		{6B4A9D53-6B3F-4E0C-8A94-6ACD2CC7E6A1}.Release|Any CPU.ActiveCfg = Release|Any CPU
		{6B4A9D53-6B3F-4E0C-8A94-6ACD2CC7E6A1}.Release|Any CPU.Build.0 = Release|Any CPU
		{6B4A9D53-6B3F-4E0C-8A94-6ACD2CC7E6A1}.Release|x64.ActiveCfg = Release|Any CPU
		{6B4A9D53-6B3F-4E0C-8A94-6ACD2CC7E6A1}.Release|x64.Build.0 = Release|Any CPU
		{6B4A9D53-6B3F-4E0C-8A94-6ACD2CC7E6A1}.Release|x86.ActiveCfg = Release|Any CPU
		{6B4A9D53-6B3F-4E0C-8A94-6ACD2CC7E6A1}.Release|x86.Build.0 = Release|Any CPU
		{CE420C97-AACC-42C6-B98A-93EFA47487D4}.Debug|Any CPU.ActiveCfg = Debug|Any CPU
		{CE420C97-AACC-42C6-B98A-93EFA47487D4}.Debug|Any CPU.Build.0 = Debug|Any CPU
		{CE420C97-AACC-42C6-B98A-93EFA47487D4}.Debug|x64.ActiveCfg = Debug|Any CPU
		{CE420C97-AACC-42C6-B98A-93EFA47487D4}.Debug|x64.Build.0 = Debug|Any CPU
		{CE420C97-AACC-42C6-B98A-93EFA47487D4}.Debug|x86.ActiveCfg = Debug|Any CPU
		{CE420C97-AACC-42C6-B98A-93EFA47487D4}.Debug|x86.Build.0 = Debug|Any CPU
		{CE420C97-AACC-42C6-B98A-93EFA47487D4}.Release|Any CPU.ActiveCfg = Release|Any CPU
		{CE420C97-AACC-42C6-B98A-93EFA47487D4}.Release|Any CPU.Build.0 = Release|Any CPU
		{CE420C97-AACC-42C6-B98A-93EFA47487D4}.Release|x64.ActiveCfg = Release|Any CPU
		{CE420C97-AACC-42C6-B98A-93EFA47487D4}.Release|x64.Build.0 = Release|Any CPU
		{CE420C97-AACC-42C6-B98A-93EFA47487D4}.Release|x86.ActiveCfg = Release|Any CPU
		{CE420C97-AACC-42C6-B98A-93EFA47487D4}.Release|x86.Build.0 = Release|Any CPU
		{7A5AEAFE-03D8-4B66-853E-61C4C8F9C0A2}.Debug|Any CPU.ActiveCfg = Debug|Any CPU
		{7A5AEAFE-03D8-4B66-853E-61C4C8F9C0A2}.Debug|Any CPU.Build.0 = Debug|Any CPU
		{7A5AEAFE-03D8-4B66-853E-61C4C8F9C0A2}.Debug|x64.ActiveCfg = Debug|Any CPU
		{7A5AEAFE-03D8-4B66-853E-61C4C8F9C0A2}.Debug|x64.Build.0 = Debug|Any CPU
		{7A5AEAFE-03D8-4B66-853E-61C4C8F9C0A2}.Debug|x86.ActiveCfg = Debug|Any CPU
		{7A5AEAFE-03D8-4B66-853E-61C4C8F9C0A2}.Debug|x86.Build.0 = Debug|Any CPU
		{7A5AEAFE-03D8-4B66-853E-61C4C8F9C0A2}.Release|Any CPU.ActiveCfg = Release|Any CPU
		{7A5AEAFE-03D8-4B66-853E-61C4C8F9C0A2}.Release|Any CPU.Build.0 = Release|Any CPU
		{7A5AEAFE-03D8-4B66-853E-61C4C8F9C0A2}.Release|x64.ActiveCfg = Release|Any CPU
		{7A5AEAFE-03D8-4B66-853E-61C4C8F9C0A2}.Release|x64.Build.0 = Release|Any CPU
		{7A5AEAFE-03D8-4B66-853E-61C4C8F9C0A2}.Release|x86.ActiveCfg = Release|Any CPU
		{7A5AEAFE-03D8-4B66-853E-61C4C8F9C0A2}.Release|x86.Build.0 = Release|Any CPU
		{26BF4FC9-9F7F-4460-BF98-6098A904793C}.Debug|Any CPU.ActiveCfg = Debug|Any CPU
		{26BF4FC9-9F7F-4460-BF98-6098A904793C}.Debug|Any CPU.Build.0 = Debug|Any CPU
		{26BF4FC9-9F7F-4460-BF98-6098A904793C}.Debug|x64.ActiveCfg = Debug|Any CPU
		{26BF4FC9-9F7F-4460-BF98-6098A904793C}.Debug|x64.Build.0 = Debug|Any CPU
		{26BF4FC9-9F7F-4460-BF98-6098A904793C}.Debug|x86.ActiveCfg = Debug|Any CPU
		{26BF4FC9-9F7F-4460-BF98-6098A904793C}.Debug|x86.Build.0 = Debug|Any CPU
		{26BF4FC9-9F7F-4460-BF98-6098A904793C}.Release|Any CPU.ActiveCfg = Release|Any CPU
		{26BF4FC9-9F7F-4460-BF98-6098A904793C}.Release|Any CPU.Build.0 = Release|Any CPU
		{26BF4FC9-9F7F-4460-BF98-6098A904793C}.Release|x64.ActiveCfg = Release|Any CPU
		{26BF4FC9-9F7F-4460-BF98-6098A904793C}.Release|x64.Build.0 = Release|Any CPU
		{26BF4FC9-9F7F-4460-BF98-6098A904793C}.Release|x86.ActiveCfg = Release|Any CPU
		{26BF4FC9-9F7F-4460-BF98-6098A904793C}.Release|x86.Build.0 = Release|Any CPU
		{39C9265D-373D-4419-99E0-55D058057302}.Debug|Any CPU.ActiveCfg = Debug|Any CPU
		{39C9265D-373D-4419-99E0-55D058057302}.Debug|Any CPU.Build.0 = Debug|Any CPU
		{39C9265D-373D-4419-99E0-55D058057302}.Debug|x64.ActiveCfg = Debug|Any CPU
		{39C9265D-373D-4419-99E0-55D058057302}.Debug|x64.Build.0 = Debug|Any CPU
		{39C9265D-373D-4419-99E0-55D058057302}.Debug|x86.ActiveCfg = Debug|Any CPU
		{39C9265D-373D-4419-99E0-55D058057302}.Debug|x86.Build.0 = Debug|Any CPU
		{39C9265D-373D-4419-99E0-55D058057302}.Release|Any CPU.ActiveCfg = Release|Any CPU
		{39C9265D-373D-4419-99E0-55D058057302}.Release|Any CPU.Build.0 = Release|Any CPU
		{39C9265D-373D-4419-99E0-55D058057302}.Release|x64.ActiveCfg = Release|Any CPU
		{39C9265D-373D-4419-99E0-55D058057302}.Release|x64.Build.0 = Release|Any CPU
		{39C9265D-373D-4419-99E0-55D058057302}.Release|x86.ActiveCfg = Release|Any CPU
		{39C9265D-373D-4419-99E0-55D058057302}.Release|x86.Build.0 = Release|Any CPU
		{33A57D10-0562-455B-83FE-036FCB8435C3}.Debug|Any CPU.ActiveCfg = Debug|Any CPU
		{33A57D10-0562-455B-83FE-036FCB8435C3}.Debug|Any CPU.Build.0 = Debug|Any CPU
		{33A57D10-0562-455B-83FE-036FCB8435C3}.Debug|x64.ActiveCfg = Debug|Any CPU
		{33A57D10-0562-455B-83FE-036FCB8435C3}.Debug|x64.Build.0 = Debug|Any CPU
		{33A57D10-0562-455B-83FE-036FCB8435C3}.Debug|x86.ActiveCfg = Debug|Any CPU
		{33A57D10-0562-455B-83FE-036FCB8435C3}.Debug|x86.Build.0 = Debug|Any CPU
		{33A57D10-0562-455B-83FE-036FCB8435C3}.Release|Any CPU.ActiveCfg = Release|Any CPU
		{33A57D10-0562-455B-83FE-036FCB8435C3}.Release|Any CPU.Build.0 = Release|Any CPU
		{33A57D10-0562-455B-83FE-036FCB8435C3}.Release|x64.ActiveCfg = Release|Any CPU
		{33A57D10-0562-455B-83FE-036FCB8435C3}.Release|x64.Build.0 = Release|Any CPU
		{33A57D10-0562-455B-83FE-036FCB8435C3}.Release|x86.ActiveCfg = Release|Any CPU
		{33A57D10-0562-455B-83FE-036FCB8435C3}.Release|x86.Build.0 = Release|Any CPU
	EndGlobalSection
	GlobalSection(SolutionProperties) = preSolution
		HideSolutionNode = FALSE
	EndGlobalSection
	GlobalSection(NestedProjects) = preSolution
		{CE420C97-AACC-42C6-B98A-93EFA47487D4} = {E6522D2C-A0D2-0AFB-6208-EAE0F209FD8A}
		{7A5AEAFE-03D8-4B66-853E-61C4C8F9C0A2} = {E6522D2C-A0D2-0AFB-6208-EAE0F209FD8A}
		{26BF4FC9-9F7F-4460-BF98-6098A904793C} = {E6522D2C-A0D2-0AFB-6208-EAE0F209FD8A}
		{39C9265D-373D-4419-99E0-55D058057302} = {E6522D2C-A0D2-0AFB-6208-EAE0F209FD8A}
		{33A57D10-0562-455B-83FE-036FCB8435C3} = {E6522D2C-A0D2-0AFB-6208-EAE0F209FD8A}
	EndGlobalSection
EndGlobal
